// !$*UTF8*$!
{
	archiveVersion = 1;
	classes = {
	};
	objectVersion = 50;
	objects = {

/* Begin PBXBuildFile section */
		FD22EA8223EA7449008479BB /* AppDelegate.swift in Sources */ = {isa = PBXBuildFile; fileRef = FD22EA8123EA7449008479BB /* AppDelegate.swift */; };
		FD22EA8423EA7449008479BB /* SceneDelegate.swift in Sources */ = {isa = PBXBuildFile; fileRef = FD22EA8323EA7449008479BB /* SceneDelegate.swift */; };
		FD22EA8623EA7449008479BB /* ViewController.swift in Sources */ = {isa = PBXBuildFile; fileRef = FD22EA8523EA7449008479BB /* ViewController.swift */; };
		FD22EA8923EA7449008479BB /* Main.storyboard in Resources */ = {isa = PBXBuildFile; fileRef = FD22EA8723EA7449008479BB /* Main.storyboard */; };
		FD22EA8C23EA7449008479BB /* VideosApp.xcdatamodeld in Sources */ = {isa = PBXBuildFile; fileRef = FD22EA8A23EA7449008479BB /* VideosApp.xcdatamodeld */; };
		FD22EA8E23EA744E008479BB /* Assets.xcassets in Resources */ = {isa = PBXBuildFile; fileRef = FD22EA8D23EA744E008479BB /* Assets.xcassets */; };
		FD22EA9123EA744E008479BB /* LaunchScreen.storyboard in Resources */ = {isa = PBXBuildFile; fileRef = FD22EA8F23EA744E008479BB /* LaunchScreen.storyboard */; };
		FD22EA9C23EA744F008479BB /* VideosAppTests.swift in Sources */ = {isa = PBXBuildFile; fileRef = FD22EA9B23EA744F008479BB /* VideosAppTests.swift */; };
		FD22EAA723EA744F008479BB /* VideosAppUITests.swift in Sources */ = {isa = PBXBuildFile; fileRef = FD22EAA623EA744F008479BB /* VideosAppUITests.swift */; };
/* End PBXBuildFile section */

/* Begin PBXContainerItemProxy section */
		FD22EA9823EA744F008479BB /* PBXContainerItemProxy */ = {
			isa = PBXContainerItemProxy;
			containerPortal = FD22EA7623EA7449008479BB /* Project object */;
			proxyType = 1;
			remoteGlobalIDString = FD22EA7D23EA7449008479BB;
			remoteInfo = VideosApp;
		};
		FD22EAA323EA744F008479BB /* PBXContainerItemProxy */ = {
			isa = PBXContainerItemProxy;
			containerPortal = FD22EA7623EA7449008479BB /* Project object */;
			proxyType = 1;
			remoteGlobalIDString = FD22EA7D23EA7449008479BB;
			remoteInfo = VideosApp;
		};
/* End PBXContainerItemProxy section */

/* Begin PBXFileReference section */
		FD22EA7E23EA7449008479BB /* VideosApp.app */ = {isa = PBXFileReference; explicitFileType = wrapper.application; includeInIndex = 0; path = VideosApp.app; sourceTree = BUILT_PRODUCTS_DIR; };
		FD22EA8123EA7449008479BB /* AppDelegate.swift */ = {isa = PBXFileReference; lastKnownFileType = sourcecode.swift; path = AppDelegate.swift; sourceTree = "<group>"; };
		FD22EA8323EA7449008479BB /* SceneDelegate.swift */ = {isa = PBXFileReference; lastKnownFileType = sourcecode.swift; path = SceneDelegate.swift; sourceTree = "<group>"; };
		FD22EA8523EA7449008479BB /* ViewController.swift */ = {isa = PBXFileReference; lastKnownFileType = sourcecode.swift; path = ViewController.swift; sourceTree = "<group>"; };
		FD22EA8823EA7449008479BB /* Base */ = {isa = PBXFileReference; lastKnownFileType = file.storyboard; name = Base; path = Base.lproj/Main.storyboard; sourceTree = "<group>"; };
		FD22EA8B23EA7449008479BB /* VideosApp.xcdatamodel */ = {isa = PBXFileReference; lastKnownFileType = wrapper.xcdatamodel; path = VideosApp.xcdatamodel; sourceTree = "<group>"; };
		FD22EA8D23EA744E008479BB /* Assets.xcassets */ = {isa = PBXFileReference; lastKnownFileType = folder.assetcatalog; path = Assets.xcassets; sourceTree = "<group>"; };
		FD22EA9023EA744E008479BB /* Base */ = {isa = PBXFileReference; lastKnownFileType = file.storyboard; name = Base; path = Base.lproj/LaunchScreen.storyboard; sourceTree = "<group>"; };
		FD22EA9223EA744E008479BB /* Info.plist */ = {isa = PBXFileReference; lastKnownFileType = text.plist.xml; path = Info.plist; sourceTree = "<group>"; };
		FD22EA9723EA744F008479BB /* VideosAppTests.xctest */ = {isa = PBXFileReference; explicitFileType = wrapper.cfbundle; includeInIndex = 0; path = VideosAppTests.xctest; sourceTree = BUILT_PRODUCTS_DIR; };
		FD22EA9B23EA744F008479BB /* VideosAppTests.swift */ = {isa = PBXFileReference; lastKnownFileType = sourcecode.swift; path = VideosAppTests.swift; sourceTree = "<group>"; };
		FD22EA9D23EA744F008479BB /* Info.plist */ = {isa = PBXFileReference; lastKnownFileType = text.plist.xml; path = Info.plist; sourceTree = "<group>"; };
		FD22EAA223EA744F008479BB /* VideosAppUITests.xctest */ = {isa = PBXFileReference; explicitFileType = wrapper.cfbundle; includeInIndex = 0; path = VideosAppUITests.xctest; sourceTree = BUILT_PRODUCTS_DIR; };
		FD22EAA623EA744F008479BB /* VideosAppUITests.swift */ = {isa = PBXFileReference; lastKnownFileType = sourcecode.swift; path = VideosAppUITests.swift; sourceTree = "<group>"; };
		FD22EAA823EA744F008479BB /* Info.plist */ = {isa = PBXFileReference; lastKnownFileType = text.plist.xml; path = Info.plist; sourceTree = "<group>"; };
/* End PBXFileReference section */

/* Begin PBXFrameworksBuildPhase section */
		FD22EA7B23EA7449008479BB /* Frameworks */ = {
			isa = PBXFrameworksBuildPhase;
			buildActionMask = 2147483647;
			files = (
			);
			runOnlyForDeploymentPostprocessing = 0;
		};
		FD22EA9423EA744F008479BB /* Frameworks */ = {
			isa = PBXFrameworksBuildPhase;
			buildActionMask = 2147483647;
			files = (
			);
			runOnlyForDeploymentPostprocessing = 0;
		};
		FD22EA9F23EA744F008479BB /* Frameworks */ = {
			isa = PBXFrameworksBuildPhase;
			buildActionMask = 2147483647;
			files = (
			);
			runOnlyForDeploymentPostprocessing = 0;
		};
/* End PBXFrameworksBuildPhase section */

/* Begin PBXGroup section */
		FD22EA7523EA7449008479BB = {
			isa = PBXGroup;
			children = (
				FD22EA8023EA7449008479BB /* VideosApp */,
				FD22EA9A23EA744F008479BB /* VideosAppTests */,
				FD22EAA523EA744F008479BB /* VideosAppUITests */,
				FD22EA7F23EA7449008479BB /* Products */,
			);
			sourceTree = "<group>";
		};
		FD22EA7F23EA7449008479BB /* Products */ = {
			isa = PBXGroup;
			children = (
				FD22EA7E23EA7449008479BB /* VideosApp.app */,
				FD22EA9723EA744F008479BB /* VideosAppTests.xctest */,
				FD22EAA223EA744F008479BB /* VideosAppUITests.xctest */,
			);
			name = Products;
			sourceTree = "<group>";
		};
		FD22EA8023EA7449008479BB /* VideosApp */ = {
			isa = PBXGroup;
			children = (
				FD22EA8123EA7449008479BB /* AppDelegate.swift */,
				FD22EA8323EA7449008479BB /* SceneDelegate.swift */,
				FD22EA8523EA7449008479BB /* ViewController.swift */,
				FD22EA8723EA7449008479BB /* Main.storyboard */,
				FD22EA8D23EA744E008479BB /* Assets.xcassets */,
				FD22EA8F23EA744E008479BB /* LaunchScreen.storyboard */,
				FD22EA9223EA744E008479BB /* Info.plist */,
				FD22EA8A23EA7449008479BB /* VideosApp.xcdatamodeld */,
			);
			path = VideosApp;
			sourceTree = "<group>";
		};
		FD22EA9A23EA744F008479BB /* VideosAppTests */ = {
			isa = PBXGroup;
			children = (
				FD22EA9B23EA744F008479BB /* VideosAppTests.swift */,
				FD22EA9D23EA744F008479BB /* Info.plist */,
			);
			path = VideosAppTests;
			sourceTree = "<group>";
		};
		FD22EAA523EA744F008479BB /* VideosAppUITests */ = {
			isa = PBXGroup;
			children = (
				FD22EAA623EA744F008479BB /* VideosAppUITests.swift */,
				FD22EAA823EA744F008479BB /* Info.plist */,
			);
			path = VideosAppUITests;
			sourceTree = "<group>";
		};
/* End PBXGroup section */

/* Begin PBXNativeTarget section */
		FD22EA7D23EA7449008479BB /* VideosApp */ = {
			isa = PBXNativeTarget;
			buildConfigurationList = FD22EAAB23EA744F008479BB /* Build configuration list for PBXNativeTarget "VideosApp" */;
			buildPhases = (
				FD22EA7A23EA7449008479BB /* Sources */,
				FD22EA7B23EA7449008479BB /* Frameworks */,
				FD22EA7C23EA7449008479BB /* Resources */,
			);
			buildRules = (
			);
			dependencies = (
			);
			name = VideosApp;
			productName = VideosApp;
			productReference = FD22EA7E23EA7449008479BB /* VideosApp.app */;
			productType = "com.apple.product-type.application";
		};
		FD22EA9623EA744F008479BB /* VideosAppTests */ = {
			isa = PBXNativeTarget;
			buildConfigurationList = FD22EAAE23EA744F008479BB /* Build configuration list for PBXNativeTarget "VideosAppTests" */;
			buildPhases = (
				FD22EA9323EA744F008479BB /* Sources */,
				FD22EA9423EA744F008479BB /* Frameworks */,
				FD22EA9523EA744F008479BB /* Resources */,
			);
			buildRules = (
			);
			dependencies = (
				FD22EA9923EA744F008479BB /* PBXTargetDependency */,
			);
			name = VideosAppTests;
			productName = VideosAppTests;
			productReference = FD22EA9723EA744F008479BB /* VideosAppTests.xctest */;
			productType = "com.apple.product-type.bundle.unit-test";
		};
		FD22EAA123EA744F008479BB /* VideosAppUITests */ = {
			isa = PBXNativeTarget;
			buildConfigurationList = FD22EAB123EA744F008479BB /* Build configuration list for PBXNativeTarget "VideosAppUITests" */;
			buildPhases = (
				FD22EA9E23EA744F008479BB /* Sources */,
				FD22EA9F23EA744F008479BB /* Frameworks */,
				FD22EAA023EA744F008479BB /* Resources */,
			);
			buildRules = (
			);
			dependencies = (
				FD22EAA423EA744F008479BB /* PBXTargetDependency */,
			);
			name = VideosAppUITests;
			productName = VideosAppUITests;
			productReference = FD22EAA223EA744F008479BB /* VideosAppUITests.xctest */;
			productType = "com.apple.product-type.bundle.ui-testing";
		};
/* End PBXNativeTarget section */

/* Begin PBXProject section */
		FD22EA7623EA7449008479BB /* Project object */ = {
			isa = PBXProject;
			attributes = {
				LastSwiftUpdateCheck = 1130;
				LastUpgradeCheck = 1130;
				ORGANIZATIONNAME = VoMinhTuanIOS;
				TargetAttributes = {
					FD22EA7D23EA7449008479BB = {
						CreatedOnToolsVersion = 11.3.1;
					};
					FD22EA9623EA744F008479BB = {
						CreatedOnToolsVersion = 11.3.1;
						TestTargetID = FD22EA7D23EA7449008479BB;
					};
					FD22EAA123EA744F008479BB = {
						CreatedOnToolsVersion = 11.3.1;
						TestTargetID = FD22EA7D23EA7449008479BB;
					};
				};
			};
			buildConfigurationList = FD22EA7923EA7449008479BB /* Build configuration list for PBXProject "VideosApp" */;
			compatibilityVersion = "Xcode 9.3";
			developmentRegion = en;
			hasScannedForEncodings = 0;
			knownRegions = (
				en,
				Base,
			);
			mainGroup = FD22EA7523EA7449008479BB;
			productRefGroup = FD22EA7F23EA7449008479BB /* Products */;
			projectDirPath = "";
			projectRoot = "";
			targets = (
				FD22EA7D23EA7449008479BB /* VideosApp */,
				FD22EA9623EA744F008479BB /* VideosAppTests */,
				FD22EAA123EA744F008479BB /* VideosAppUITests */,
			);
		};
/* End PBXProject section */

/* Begin PBXResourcesBuildPhase section */
		FD22EA7C23EA7449008479BB /* Resources */ = {
			isa = PBXResourcesBuildPhase;
			buildActionMask = 2147483647;
			files = (
				FD22EA9123EA744E008479BB /* LaunchScreen.storyboard in Resources */,
				FD22EA8E23EA744E008479BB /* Assets.xcassets in Resources */,
				FD22EA8923EA7449008479BB /* Main.storyboard in Resources */,
			);
			runOnlyForDeploymentPostprocessing = 0;
		};
		FD22EA9523EA744F008479BB /* Resources */ = {
			isa = PBXResourcesBuildPhase;
			buildActionMask = 2147483647;
			files = (
			);
			runOnlyForDeploymentPostprocessing = 0;
		};
		FD22EAA023EA744F008479BB /* Resources */ = {
			isa = PBXResourcesBuildPhase;
			buildActionMask = 2147483647;
			files = (
			);
			runOnlyForDeploymentPostprocessing = 0;
		};
/* End PBXResourcesBuildPhase section */

/* Begin PBXSourcesBuildPhase section */
		FD22EA7A23EA7449008479BB /* Sources */ = {
			isa = PBXSourcesBuildPhase;
			buildActionMask = 2147483647;
			files = (
				FD22EA8623EA7449008479BB /* ViewController.swift in Sources */,
				FD22EA8C23EA7449008479BB /* VideosApp.xcdatamodeld in Sources */,
				FD22EA8223EA7449008479BB /* AppDelegate.swift in Sources */,
				FD22EA8423EA7449008479BB /* SceneDelegate.swift in Sources */,
			);
			runOnlyForDeploymentPostprocessing = 0;
		};
		FD22EA9323EA744F008479BB /* Sources */ = {
			isa = PBXSourcesBuildPhase;
			buildActionMask = 2147483647;
			files = (
				FD22EA9C23EA744F008479BB /* VideosAppTests.swift in Sources */,
			);
			runOnlyForDeploymentPostprocessing = 0;
		};
		FD22EA9E23EA744F008479BB /* Sources */ = {
			isa = PBXSourcesBuildPhase;
			buildActionMask = 2147483647;
			files = (
				FD22EAA723EA744F008479BB /* VideosAppUITests.swift in Sources */,
			);
			runOnlyForDeploymentPostprocessing = 0;
		};
/* End PBXSourcesBuildPhase section */

/* Begin PBXTargetDependency section */
		FD22EA9923EA744F008479BB /* PBXTargetDependency */ = {
			isa = PBXTargetDependency;
			target = FD22EA7D23EA7449008479BB /* VideosApp */;
			targetProxy = FD22EA9823EA744F008479BB /* PBXContainerItemProxy */;
		};
		FD22EAA423EA744F008479BB /* PBXTargetDependency */ = {
			isa = PBXTargetDependency;
			target = FD22EA7D23EA7449008479BB /* VideosApp */;
			targetProxy = FD22EAA323EA744F008479BB /* PBXContainerItemProxy */;
		};
/* End PBXTargetDependency section */

/* Begin PBXVariantGroup section */
		FD22EA8723EA7449008479BB /* Main.storyboard */ = {
			isa = PBXVariantGroup;
			children = (
				FD22EA8823EA7449008479BB /* Base */,
			);
			name = Main.storyboard;
			sourceTree = "<group>";
		};
		FD22EA8F23EA744E008479BB /* LaunchScreen.storyboard */ = {
			isa = PBXVariantGroup;
			children = (
				FD22EA9023EA744E008479BB /* Base */,
			);
			name = LaunchScreen.storyboard;
			sourceTree = "<group>";
		};
/* End PBXVariantGroup section */

/* Begin XCBuildConfiguration section */
		FD22EAA923EA744F008479BB /* Debug */ = {
			isa = XCBuildConfiguration;
			buildSettings = {
				ALWAYS_SEARCH_USER_PATHS = NO;
				CLANG_ANALYZER_NONNULL = YES;
				CLANG_ANALYZER_NUMBER_OBJECT_CONVERSION = YES_AGGRESSIVE;
				CLANG_CXX_LANGUAGE_STANDARD = "gnu++14";
				CLANG_CXX_LIBRARY = "libc++";
				CLANG_ENABLE_MODULES = YES;
				CLANG_ENABLE_OBJC_ARC = YES;
				CLANG_ENABLE_OBJC_WEAK = YES;
				CLANG_WARN_BLOCK_CAPTURE_AUTORELEASING = YES;
				CLANG_WARN_BOOL_CONVERSION = YES;
				CLANG_WARN_COMMA = YES;
				CLANG_WARN_CONSTANT_CONVERSION = YES;
				CLANG_WARN_DEPRECATED_OBJC_IMPLEMENTATIONS = YES;
				CLANG_WARN_DIRECT_OBJC_ISA_USAGE = YES_ERROR;
				CLANG_WARN_DOCUMENTATION_COMMENTS = YES;
				CLANG_WARN_EMPTY_BODY = YES;
				CLANG_WARN_ENUM_CONVERSION = YES;
				CLANG_WARN_INFINITE_RECURSION = YES;
				CLANG_WARN_INT_CONVERSION = YES;
				CLANG_WARN_NON_LITERAL_NULL_CONVERSION = YES;
				CLANG_WARN_OBJC_IMPLICIT_RETAIN_SELF = YES;
				CLANG_WARN_OBJC_LITERAL_CONVERSION = YES;
				CLANG_WARN_OBJC_ROOT_CLASS = YES_ERROR;
				CLANG_WARN_RANGE_LOOP_ANALYSIS = YES;
				CLANG_WARN_STRICT_PROTOTYPES = YES;
				CLANG_WARN_SUSPICIOUS_MOVE = YES;
				CLANG_WARN_UNGUARDED_AVAILABILITY = YES_AGGRESSIVE;
				CLANG_WARN_UNREACHABLE_CODE = YES;
				CLANG_WARN__DUPLICATE_METHOD_MATCH = YES;
				COPY_PHASE_STRIP = NO;
				DEBUG_INFORMATION_FORMAT = dwarf;
				ENABLE_STRICT_OBJC_MSGSEND = YES;
				ENABLE_TESTABILITY = YES;
				GCC_C_LANGUAGE_STANDARD = gnu11;
				GCC_DYNAMIC_NO_PIC = NO;
				GCC_NO_COMMON_BLOCKS = YES;
				GCC_OPTIMIZATION_LEVEL = 0;
				GCC_PREPROCESSOR_DEFINITIONS = (
					"DEBUG=1",
					"$(inherited)",
				);
				GCC_WARN_64_TO_32_BIT_CONVERSION = YES;
				GCC_WARN_ABOUT_RETURN_TYPE = YES_ERROR;
				GCC_WARN_UNDECLARED_SELECTOR = YES;
				GCC_WARN_UNINITIALIZED_AUTOS = YES_AGGRESSIVE;
				GCC_WARN_UNUSED_FUNCTION = YES;
				GCC_WARN_UNUSED_VARIABLE = YES;
				IPHONEOS_DEPLOYMENT_TARGET = 13.2;
				MTL_ENABLE_DEBUG_INFO = INCLUDE_SOURCE;
				MTL_FAST_MATH = YES;
				ONLY_ACTIVE_ARCH = YES;
				SDKROOT = iphoneos;
				SWIFT_ACTIVE_COMPILATION_CONDITIONS = DEBUG;
				SWIFT_OPTIMIZATION_LEVEL = "-Onone";
			};
			name = Debug;
		};
		FD22EAAA23EA744F008479BB /* Release */ = {
			isa = XCBuildConfiguration;
			buildSettings = {
				ALWAYS_SEARCH_USER_PATHS = NO;
				CLANG_ANALYZER_NONNULL = YES;
				CLANG_ANALYZER_NUMBER_OBJECT_CONVERSION = YES_AGGRESSIVE;
				CLANG_CXX_LANGUAGE_STANDARD = "gnu++14";
				CLANG_CXX_LIBRARY = "libc++";
				CLANG_ENABLE_MODULES = YES;
				CLANG_ENABLE_OBJC_ARC = YES;
				CLANG_ENABLE_OBJC_WEAK = YES;
				CLANG_WARN_BLOCK_CAPTURE_AUTORELEASING = YES;
				CLANG_WARN_BOOL_CONVERSION = YES;
				CLANG_WARN_COMMA = YES;
				CLANG_WARN_CONSTANT_CONVERSION = YES;
				CLANG_WARN_DEPRECATED_OBJC_IMPLEMENTATIONS = YES;
				CLANG_WARN_DIRECT_OBJC_ISA_USAGE = YES_ERROR;
				CLANG_WARN_DOCUMENTATION_COMMENTS = YES;
				CLANG_WARN_EMPTY_BODY = YES;
				CLANG_WARN_ENUM_CONVERSION = YES;
				CLANG_WARN_INFINITE_RECURSION = YES;
				CLANG_WARN_INT_CONVERSION = YES;
				CLANG_WARN_NON_LITERAL_NULL_CONVERSION = YES;
				CLANG_WARN_OBJC_IMPLICIT_RETAIN_SELF = YES;
				CLANG_WARN_OBJC_LITERAL_CONVERSION = YES;
				CLANG_WARN_OBJC_ROOT_CLASS = YES_ERROR;
				CLANG_WARN_RANGE_LOOP_ANALYSIS = YES;
				CLANG_WARN_STRICT_PROTOTYPES = YES;
				CLANG_WARN_SUSPICIOUS_MOVE = YES;
				CLANG_WARN_UNGUARDED_AVAILABILITY = YES_AGGRESSIVE;
				CLANG_WARN_UNREACHABLE_CODE = YES;
				CLANG_WARN__DUPLICATE_METHOD_MATCH = YES;
				COPY_PHASE_STRIP = NO;
				DEBUG_INFORMATION_FORMAT = "dwarf-with-dsym";
				ENABLE_NS_ASSERTIONS = NO;
				ENABLE_STRICT_OBJC_MSGSEND = YES;
				GCC_C_LANGUAGE_STANDARD = gnu11;
				GCC_NO_COMMON_BLOCKS = YES;
				GCC_WARN_64_TO_32_BIT_CONVERSION = YES;
				GCC_WARN_ABOUT_RETURN_TYPE = YES_ERROR;
				GCC_WARN_UNDECLARED_SELECTOR = YES;
				GCC_WARN_UNINITIALIZED_AUTOS = YES_AGGRESSIVE;
				GCC_WARN_UNUSED_FUNCTION = YES;
				GCC_WARN_UNUSED_VARIABLE = YES;
				IPHONEOS_DEPLOYMENT_TARGET = 13.2;
				MTL_ENABLE_DEBUG_INFO = NO;
				MTL_FAST_MATH = YES;
				SDKROOT = iphoneos;
				SWIFT_COMPILATION_MODE = wholemodule;
				SWIFT_OPTIMIZATION_LEVEL = "-O";
				VALIDATE_PRODUCT = YES;
			};
			name = Release;
		};
		FD22EAAC23EA744F008479BB /* Debug */ = {
			isa = XCBuildConfiguration;
			buildSettings = {
				ASSETCATALOG_COMPILER_APPICON_NAME = AppIcon;
				CODE_SIGN_STYLE = Automatic;
				DEVELOPMENT_TEAM = 6JH4X9XFH5;
				INFOPLIST_FILE = VideosApp/Info.plist;
				LD_RUNPATH_SEARCH_PATHS = (
					"$(inherited)",
					"@executable_path/Frameworks",
				);
				PRODUCT_BUNDLE_IDENTIFIER = Demo.VideosApp;
				PRODUCT_NAME = "$(TARGET_NAME)";
				SWIFT_VERSION = 5.0;
				TARGETED_DEVICE_FAMILY = "1,2";
			};
			name = Debug;
		};
		FD22EAAD23EA744F008479BB /* Release */ = {
			isa = XCBuildConfiguration;
			buildSettings = {
				ASSETCATALOG_COMPILER_APPICON_NAME = AppIcon;
				CODE_SIGN_STYLE = Automatic;
				DEVELOPMENT_TEAM = 6JH4X9XFH5;
				INFOPLIST_FILE = VideosApp/Info.plist;
				LD_RUNPATH_SEARCH_PATHS = (
					"$(inherited)",
					"@executable_path/Frameworks",
				);
				PRODUCT_BUNDLE_IDENTIFIER = Demo.VideosApp;
				PRODUCT_NAME = "$(TARGET_NAME)";
				SWIFT_VERSION = 5.0;
				TARGETED_DEVICE_FAMILY = "1,2";
			};
			name = Release;
		};
		FD22EAAF23EA744F008479BB /* Debug */ = {
			isa = XCBuildConfiguration;
			buildSettings = {
				ALWAYS_EMBED_SWIFT_STANDARD_LIBRARIES = YES;
				BUNDLE_LOADER = "$(TEST_HOST)";
				CODE_SIGN_STYLE = Automatic;
				DEVELOPMENT_TEAM = 6JH4X9XFH5;
				INFOPLIST_FILE = VideosAppTests/Info.plist;
				IPHONEOS_DEPLOYMENT_TARGET = 13.2;
				LD_RUNPATH_SEARCH_PATHS = (
					"$(inherited)",
					"@executable_path/Frameworks",
					"@loader_path/Frameworks",
				);
				PRODUCT_BUNDLE_IDENTIFIER = Demo.VideosAppTests;
				PRODUCT_NAME = "$(TARGET_NAME)";
				SWIFT_VERSION = 5.0;
				TARGETED_DEVICE_FAMILY = "1,2";
				TEST_HOST = "$(BUILT_PRODUCTS_DIR)/VideosApp.app/VideosApp";
			};
			name = Debug;
		};
		FD22EAB023EA744F008479BB /* Release */ = {
			isa = XCBuildConfiguration;
			buildSettings = {
				ALWAYS_EMBED_SWIFT_STANDARD_LIBRARIES = YES;
				BUNDLE_LOADER = "$(TEST_HOST)";
				CODE_SIGN_STYLE = Automatic;
				DEVELOPMENT_TEAM = 6JH4X9XFH5;
				INFOPLIST_FILE = VideosAppTests/Info.plist;
				IPHONEOS_DEPLOYMENT_TARGET = 13.2;
				LD_RUNPATH_SEARCH_PATHS = (
					"$(inherited)",
					"@executable_path/Frameworks",
					"@loader_path/Frameworks",
				);
				PRODUCT_BUNDLE_IDENTIFIER = Demo.VideosAppTests;
				PRODUCT_NAME = "$(TARGET_NAME)";
				SWIFT_VERSION = 5.0;
				TARGETED_DEVICE_FAMILY = "1,2";
				TEST_HOST = "$(BUILT_PRODUCTS_DIR)/VideosApp.app/VideosApp";
			};
			name = Release;
		};
		FD22EAB223EA744F008479BB /* Debug */ = {
			isa = XCBuildConfiguration;
			buildSettings = {
				ALWAYS_EMBED_SWIFT_STANDARD_LIBRARIES = YES;
				CODE_SIGN_STYLE = Automatic;
				DEVELOPMENT_TEAM = 6JH4X9XFH5;
				INFOPLIST_FILE = VideosAppUITests/Info.plist;
				LD_RUNPATH_SEARCH_PATHS = (
					"$(inherited)",
					"@executable_path/Frameworks",
					"@loader_path/Frameworks",
				);
				PRODUCT_BUNDLE_IDENTIFIER = Demo.VideosAppUITests;
				PRODUCT_NAME = "$(TARGET_NAME)";
				SWIFT_VERSION = 5.0;
				TARGETED_DEVICE_FAMILY = "1,2";
				TEST_TARGET_NAME = VideosApp;
			};
			name = Debug;
		};
		FD22EAB323EA744F008479BB /* Release */ = {
			isa = XCBuildConfiguration;
			buildSettings = {
				ALWAYS_EMBED_SWIFT_STANDARD_LIBRARIES = YES;
				CODE_SIGN_STYLE = Automatic;
				DEVELOPMENT_TEAM = 6JH4X9XFH5;
				INFOPLIST_FILE = VideosAppUITests/Info.plist;
				LD_RUNPATH_SEARCH_PATHS = (
					"$(inherited)",
					"@executable_path/Frameworks",
					"@loader_path/Frameworks",
				);
				PRODUCT_BUNDLE_IDENTIFIER = Demo.VideosAppUITests;
				PRODUCT_NAME = "$(TARGET_NAME)";
				SWIFT_VERSION = 5.0;
				TARGETED_DEVICE_FAMILY = "1,2";
				TEST_TARGET_NAME = VideosApp;
			};
			name = Release;
		};
/* End XCBuildConfiguration section */

/* Begin XCConfigurationList section */
		FD22EA7923EA7449008479BB /* Build configuration list for PBXProject "VideosApp" */ = {
			isa = XCConfigurationList;
			buildConfigurations = (
				FD22EAA923EA744F008479BB /* Debug */,
				FD22EAAA23EA744F008479BB /* Release */,
			);
			defaultConfigurationIsVisible = 0;
			defaultConfigurationName = Release;
		};
		FD22EAAB23EA744F008479BB /* Build configuration list for PBXNativeTarget "VideosApp" */ = {
			isa = XCConfigurationList;
			buildConfigurations = (
				FD22EAAC23EA744F008479BB /* Debug */,
				FD22EAAD23EA744F008479BB /* Release */,
			);
			defaultConfigurationIsVisible = 0;
			defaultConfigurationName = Release;
		};
		FD22EAAE23EA744F008479BB /* Build configuration list for PBXNativeTarget "VideosAppTests" */ = {
			isa = XCConfigurationList;
			buildConfigurations = (
				FD22EAAF23EA744F008479BB /* Debug */,
				FD22EAB023EA744F008479BB /* Release */,
			);
			defaultConfigurationIsVisible = 0;
			defaultConfigurationName = Release;
		};
		FD22EAB123EA744F008479BB /* Build configuration list for PBXNativeTarget "VideosAppUITests" */ = {
			isa = XCConfigurationList;
			buildConfigurations = (
				FD22EAB223EA744F008479BB /* Debug */,
				FD22EAB323EA744F008479BB /* Release */,
			);
			defaultConfigurationIsVisible = 0;
			defaultConfigurationName = Release;
		};
/* End XCConfigurationList section */

/* Begin XCVersionGroup section */
		FD22EA8A23EA7449008479BB /* VideosApp.xcdatamodeld */ = {
			isa = XCVersionGroup;
			children = (
				FD22EA8B23EA7449008479BB /* VideosApp.xcdatamodel */,
			);
			currentVersion = FD22EA8B23EA7449008479BB /* VideosApp.xcdatamodel */;
			path = VideosApp.xcdatamodeld;
			sourceTree = "<group>";
			versionGroupType = wrapper.xcdatamodel;
		};
/* End XCVersionGroup section */
	};
	rootObject = FD22EA7623EA7449008479BB /* Project object */;
}
